
Microsoft Visual Studio Solution File, Format Version 12.00
# Visual Studio Version 17
VisualStudioVersion = 17.10.35013.160
MinimumVisualStudioVersion = 10.0.40219.1
Project("{FAE04EC0-301F-11D3-BF4B-00C04F79EFBC}") = "GerogercyApp", "GerogercyApp\GerogercyApp.csproj", "{59DDBDED-4D0A-4050-AB79-BF987DB8271E}"
EndProject
Global
	GlobalSection(SolutionConfigurationPlatforms) = preSolution
		Debug|Any CPU = Debug|Any CPU
		Release|Any CPU = Release|Any CPU
	EndGlobalSection
	GlobalSection(ProjectConfigurationPlatforms) = postSolution
		{59DDBDED-4D0A-4050-AB79-BF987DB8271E}.Debug|Any CPU.ActiveCfg = Debug|Any CPU
		{59DDBDED-4D0A-4050-AB79-BF987DB8271E}.Debug|Any CPU.Build.0 = Debug|Any CPU
		{59DDBDED-4D0A-4050-AB79-BF987DB8271E}.Debug|Any CPU.Deploy.0 = Debug|Any CPU
		{59DDBDED-4D0A-4050-AB79-BF987DB8271E}.Release|Any CPU.ActiveCfg = Release|Any CPU
		{59DDBDED-4D0A-4050-AB79-BF987DB8271E}.Release|Any CPU.Build.0 = Release|Any CPU
		{59DDBDED-4D0A-4050-AB79-BF987DB8271E}.Release|Any CPU.Deploy.0 = Release|Any CPU
	EndGlobalSection
	GlobalSection(SolutionProperties) = preSolution
		HideSolutionNode = FALSE
	EndGlobalSection
	GlobalSection(ExtensibilityGlobals) = postSolution
		SolutionGuid = {79C3AB36-AC9B-4097-8C55-249B559C9661}
	EndGlobalSection
EndGlobal
